// !$*UTF8*$!
{
	archiveVersion = 1;
	classes = {
	};
	objectVersion = 46;
	objects = {

/* Begin PBXBuildFile section */
		1FA0498B162D2E210072D6E1 /* main.cpp in Sources */ = {isa = PBXBuildFile; fileRef = 1FA0498A162D2E210072D6E1 /* main.cpp */; };
		1FA0498D162D2E210072D6E1 /* Assignment_3.1 in CopyFiles */ = {isa = PBXBuildFile; fileRef = 1FA0498C162D2E210072D6E1 /* Assignment_3.1 */; };
/* End PBXBuildFile section */

/* Begin PBXCopyFilesBuildPhase section */
		1FA04984162D2E210072D6E1 /* CopyFiles */ = {
			isa = PBXCopyFilesBuildPhase;
			buildActionMask = 2147483647;
			dstPath = /usr/share/man/man1/;
			dstSubfolderSpec = 0;
			files = (
				1FA0498D162D2E210072D6E1 /* Assignment_3.1 in CopyFiles */,
			);
			runOnlyForDeploymentPostprocessing = 1;
		};
/* End PBXCopyFilesBuildPhase section */

/* Begin PBXFileReference section */
		1FA04986162D2E210072D6E1 /* Assignment 3 */ = {isa = PBXFileReference; explicitFileType = "compiled.mach-o.executable"; includeInIndex = 0; path = "Assignment 3"; sourceTree = BUILT_PRODUCTS_DIR; };
		1FA0498A162D2E210072D6E1 /* main.cpp */ = {isa = PBXFileReference; lastKnownFileType = sourcecode.cpp.cpp; path = main.cpp; sourceTree = "<group>"; };
		1FA0498C162D2E210072D6E1 /* Assignment_3.1 */ = {isa = PBXFileReference; lastKnownFileType = text.man; path = Assignment_3.1; sourceTree = "<group>"; };
/* End PBXFileReference section */

/* Begin PBXFrameworksBuildPhase section */
		1FA04983162D2E210072D6E1 /* Frameworks */ = {
			isa = PBXFrameworksBuildPhase;
			buildActionMask = 2147483647;
			files = (
			);
			runOnlyForDeploymentPostprocessing = 0;
		};
/* End PBXFrameworksBuildPhase section */

/* Begin PBXGroup section */
		1FA0497B162D2E210072D6E1 = {
			isa = PBXGroup;
			children = (
				1FA04989162D2E210072D6E1 /* Assignment 3 */,
				1FA04987162D2E210072D6E1 /* Products */,
			);
			sourceTree = "<group>";
		};
		1FA04987162D2E210072D6E1 /* Products */ = {
			isa = PBXGroup;
			children = (
				1FA04986162D2E210072D6E1 /* Assignment 3 */,
			);
			name = Products;
			sourceTree = "<group>";
		};
		1FA04989162D2E210072D6E1 /* Assignment 3 */ = {
			isa = PBXGroup;
			children = (
				1FA0498A162D2E210072D6E1 /* main.cpp */,
				1FA0498C162D2E210072D6E1 /* Assignment_3.1 */,
			);
			path = "Assignment 3";
			sourceTree = "<group>";
		};
/* End PBXGroup section */

/* Begin PBXNativeTarget section */
		1FA04985162D2E210072D6E1 /* Assignment 3 */ = {
			isa = PBXNativeTarget;
			buildConfigurationList = 1FA04990162D2E210072D6E1 /* Build configuration list for PBXNativeTarget "Assignment 3" */;
			buildPhases = (
				1FA04982162D2E210072D6E1 /* Sources */,
				1FA04983162D2E210072D6E1 /* Frameworks */,
				1FA04984162D2E210072D6E1 /* CopyFiles */,
			);
			buildRules = (
			);
			dependencies = (
			);
			name = "Assignment 3";
			productName = "Assignment 3";
			productReference = 1FA04986162D2E210072D6E1 /* Assignment 3 */;
			productType = "com.apple.product-type.tool";
		};
/* End PBXNativeTarget section */

/* Begin PBXProject section */
		1FA0497D162D2E210072D6E1 /* Project object */ = {
			isa = PBXProject;
			attributes = {
				LastUpgradeCheck = 0440;
				ORGANIZATIONNAME = "Zach Evans";
			};
			buildConfigurationList = 1FA04980162D2E210072D6E1 /* Build configuration list for PBXProject "Assignment 3" */;
			compatibilityVersion = "Xcode 3.2";
			developmentRegion = English;
			hasScannedForEncodings = 0;
			knownRegions = (
				en,
			);
			mainGroup = 1FA0497B162D2E210072D6E1;
			productRefGroup = 1FA04987162D2E210072D6E1 /* Products */;
			projectDirPath = "";
			projectRoot = "";
			targets = (
				1FA04985162D2E210072D6E1 /* Assignment 3 */,
			);
		};
/* End PBXProject section */

/* Begin PBXSourcesBuildPhase section */
		1FA04982162D2E210072D6E1 /* Sources */ = {
			isa = PBXSourcesBuildPhase;
			buildActionMask = 2147483647;
			files = (
				1FA0498B162D2E210072D6E1 /* main.cpp in Sources */,
			);
			runOnlyForDeploymentPostprocessing = 0;
		};
/* End PBXSourcesBuildPhase section */

/* Begin XCBuildConfiguration section */
		1FA0498E162D2E210072D6E1 /* Debug */ = {
			isa = XCBuildConfiguration;
			buildSettings = {
				ALWAYS_SEARCH_USER_PATHS = NO;
				ARCHS = "$(ARCHS_STANDARD_64_BIT)";
				CLANG_CXX_LANGUAGE_STANDARD = "gnu++0x";
				CLANG_ENABLE_OBJC_ARC = YES;
				CLANG_WARN__DUPLICATE_METHOD_MATCH = YES;
				COPY_PHASE_STRIP = NO;
				GCC_C_LANGUAGE_STANDARD = gnu99;
				GCC_DYNAMIC_NO_PIC = NO;
				GCC_ENABLE_OBJC_EXCEPTIONS = YES;
				GCC_OPTIMIZATION_LEVEL = 0;
				GCC_PREPROCESSOR_DEFINITIONS = (
					"DEBUG=1",
					"$(inherited)",
				);
				GCC_SYMBOLS_PRIVATE_EXTERN = NO;
				GCC_WARN_64_TO_32_BIT_CONVERSION = YES;
				GCC_WARN_ABOUT_RETURN_TYPE = YES;
				GCC_WARN_UNINITIALIZED_AUTOS = YES;
				GCC_WARN_UNUSED_VARIABLE = YES;
				MACOSX_DEPLOYMENT_TARGET = 10.8;
				ONLY_ACTIVE_ARCH = YES;
				SDKROOT = macosx;
			};
			name = Debug;
		};
		1FA0498F162D2E210072D6E1 /* Release */ = {
			isa = XCBuildConfiguration;
			buildSettings = {
				ALWAYS_SEARCH_USER_PATHS = NO;
				ARCHS = "$(ARCHS_STANDARD_64_BIT)";
				CLANG_CXX_LANGUAGE_STANDARD = "gnu++0x";
				CLANG_ENABLE_OBJC_ARC = YES;
				CLANG_WARN__DUPLICATE_METHOD_MATCH = YES;
				COPY_PHASE_STRIP = YES;
				DEBUG_INFORMATION_FORMAT = "dwarf-with-dsym";
				GCC_C_LANGUAGE_STANDARD = gnu99;
				GCC_ENABLE_OBJC_EXCEPTIONS = YES;
				GCC_WARN_64_TO_32_BIT_CONVERSION = YES;
				GCC_WARN_ABOUT_RETURN_TYPE = YES;
				GCC_WARN_UNINITIALIZED_AUTOS = YES;
				GCC_WARN_UNUSED_VARIABLE = YES;
				MACOSX_DEPLOYMENT_TARGET = 10.8;
				SDKROOT = macosx;
			};
			name = Release;
		};
		1FA04991162D2E210072D6E1 /* Debug */ = {
			isa = XCBuildConfiguration;
			buildSettings = {
				PRODUCT_NAME = "$(TARGET_NAME)";
			};
			name = Debug;
		};
		1FA04992162D2E210072D6E1 /* Release */ = {
			isa = XCBuildConfiguration;
			buildSettings = {
				PRODUCT_NAME = "$(TARGET_NAME)";
			};
			name = Release;
		};
/* End XCBuildConfiguration section */

/* Begin XCConfigurationList section */
		1FA04980162D2E210072D6E1 /* Build configuration list for PBXProject "Assignment 3" */ = {
			isa = XCConfigurationList;
			buildConfigurations = (
				1FA0498E162D2E210072D6E1 /* Debug */,
				1FA0498F162D2E210072D6E1 /* Release */,
			);
			defaultConfigurationIsVisible = 0;
			defaultConfigurationName = Release;
		};
		1FA04990162D2E210072D6E1 /* Build configuration list for PBXNativeTarget "Assignment 3" */ = {
			isa = XCConfigurationList;
			buildConfigurations = (
				1FA04991162D2E210072D6E1 /* Debug */,
				1FA04992162D2E210072D6E1 /* Release */,
			);
			defaultConfigurationIsVisible = 0;
		};
/* End XCConfigurationList section */
	};
	rootObject = 1FA0497D162D2E210072D6E1 /* Project object */;
}
